
Microsoft Visual Studio Solution File, Format Version 12.00
# Visual Studio Version 17
VisualStudioVersion = 17.7.34003.232
MinimumVisualStudioVersion = 10.0.40219.1
Project("{9A19103F-16F7-4668-BE54-9A1E7A4F7556}") = "Burkus.Mvvm.Maui", "Burkus.Mvvm.Maui\Burkus.Mvvm.Maui.csproj", "{CBADEC33-74CC-48B8-8A37-3F762D2BFA73}"
EndProject
Global
	GlobalSection(SolutionConfigurationPlatforms) = preSolution
		Debug|Any CPU = Debug|Any CPU
		Release|Any CPU = Release|Any CPU
	EndGlobalSection
	GlobalSection(ProjectConfigurationPlatforms) = postSolution
		{CBADEC33-74CC-48B8-8A37-3F762D2BFA73}.Debug|Any CPU.ActiveCfg = Debug|Any CPU
		{CBADEC33-74CC-48B8-8A37-3F762D2BFA73}.Debug|Any CPU.Build.0 = Debug|Any CPU
		{CBADEC33-74CC-48B8-8A37-3F762D2BFA73}.Release|Any CPU.ActiveCfg = Release|Any CPU
		{CBADEC33-74CC-48B8-8A37-3F762D2BFA73}.Release|Any CPU.Build.0 = Release|Any CPU
	EndGlobalSection
	GlobalSection(SolutionProperties) = preSolution
		HideSolutionNode = FALSE
	EndGlobalSection
	GlobalSection(ExtensibilityGlobals) = postSolution
		SolutionGuid = {981A67D8-BC83-4D6A-AF11-9284DFE37260}
	EndGlobalSection
EndGlobal
